
Microsoft Visual Studio Solution File, Format Version 12.00
# Visual Studio 15
VisualStudioVersion = 15.0.26124.0
MinimumVisualStudioVersion = 15.0.26124.0
Project("{FAE04EC0-301F-11D3-BF4B-00C04F79EFBC}") = "ODataEF.Api", "ODataEF.Api\ODataEF.Api.csproj", "{33C218D9-4566-474A-8345-0B8FBCDB309E}"
EndProject
Project("{FAE04EC0-301F-11D3-BF4B-00C04F79EFBC}") = "ODataEF.Data", "ODataEF.Data\ODataEF.Data.csproj", "{A5F1A169-CAFB-4A32-92ED-8553E14C1527}"
EndProject
Global
	GlobalSection(SolutionConfigurationPlatforms) = preSolution
		Debug|Any CPU = Debug|Any CPU
		Debug|x64 = Debug|x64
		Debug|x86 = Debug|x86
		Release|Any CPU = Release|Any CPU
		Release|x64 = Release|x64
		Release|x86 = Release|x86
	EndGlobalSection
	GlobalSection(SolutionProperties) = preSolution
		HideSolutionNode = FALSE
	EndGlobalSection
	GlobalSection(ProjectConfigurationPlatforms) = postSolution
		{F1FFCBE1-1341-4C8F-9171-8798D53341F1}.Debug|Any CPU.ActiveCfg = Debug|Any CPU
		{F1FFCBE1-1341-4C8F-9171-8798D53341F1}.Debug|Any CPU.Build.0 = Debug|Any CPU
		{F1FFCBE1-1341-4C8F-9171-8798D53341F1}.Debug|x64.ActiveCfg = Debug|Any CPU
		{F1FFCBE1-1341-4C8F-9171-8798D53341F1}.Debug|x64.Build.0 = Debug|Any CPU
		{F1FFCBE1-1341-4C8F-9171-8798D53341F1}.Debug|x86.ActiveCfg = Debug|Any CPU
		{F1FFCBE1-1341-4C8F-9171-8798D53341F1}.Debug|x86.Build.0 = Debug|Any CPU
		{F1FFCBE1-1341-4C8F-9171-8798D53341F1}.Release|Any CPU.ActiveCfg = Release|Any CPU
		{F1FFCBE1-1341-4C8F-9171-8798D53341F1}.Release|Any CPU.Build.0 = Release|Any CPU
		{F1FFCBE1-1341-4C8F-9171-8798D53341F1}.Release|x64.ActiveCfg = Release|Any CPU
		{F1FFCBE1-1341-4C8F-9171-8798D53341F1}.Release|x64.Build.0 = Release|Any CPU
		{F1FFCBE1-1341-4C8F-9171-8798D53341F1}.Release|x86.ActiveCfg = Release|Any CPU
		{F1FFCBE1-1341-4C8F-9171-8798D53341F1}.Release|x86.Build.0 = Release|Any CPU
		{BD4D628B-F3AA-4396-B7B7-B15F63F856FE}.Debug|Any CPU.ActiveCfg = Debug|Any CPU
		{BD4D628B-F3AA-4396-B7B7-B15F63F856FE}.Debug|Any CPU.Build.0 = Debug|Any CPU
		{BD4D628B-F3AA-4396-B7B7-B15F63F856FE}.Debug|x64.ActiveCfg = Debug|Any CPU
		{BD4D628B-F3AA-4396-B7B7-B15F63F856FE}.Debug|x64.Build.0 = Debug|Any CPU
		{BD4D628B-F3AA-4396-B7B7-B15F63F856FE}.Debug|x86.ActiveCfg = Debug|Any CPU
		{BD4D628B-F3AA-4396-B7B7-B15F63F856FE}.Debug|x86.Build.0 = Debug|Any CPU
		{BD4D628B-F3AA-4396-B7B7-B15F63F856FE}.Release|Any CPU.ActiveCfg = Release|Any CPU
		{BD4D628B-F3AA-4396-B7B7-B15F63F856FE}.Release|Any CPU.Build.0 = Release|Any CPU
		{BD4D628B-F3AA-4396-B7B7-B15F63F856FE}.Release|x64.ActiveCfg = Release|Any CPU
		{BD4D628B-F3AA-4396-B7B7-B15F63F856FE}.Release|x64.Build.0 = Release|Any CPU
		{BD4D628B-F3AA-4396-B7B7-B15F63F856FE}.Release|x86.ActiveCfg = Release|Any CPU
		{BD4D628B-F3AA-4396-B7B7-B15F63F856FE}.Release|x86.Build.0 = Release|Any CPU
		{33C218D9-4566-474A-8345-0B8FBCDB309E}.Debug|Any CPU.ActiveCfg = Debug|Any CPU
		{33C218D9-4566-474A-8345-0B8FBCDB309E}.Debug|Any CPU.Build.0 = Debug|Any CPU
		{33C218D9-4566-474A-8345-0B8FBCDB309E}.Debug|x64.ActiveCfg = Debug|Any CPU
		{33C218D9-4566-474A-8345-0B8FBCDB309E}.Debug|x64.Build.0 = Debug|Any CPU
		{33C218D9-4566-474A-8345-0B8FBCDB309E}.Debug|x86.ActiveCfg = Debug|Any CPU
		{33C218D9-4566-474A-8345-0B8FBCDB309E}.Debug|x86.Build.0 = Debug|Any CPU
		{33C218D9-4566-474A-8345-0B8FBCDB309E}.Release|Any CPU.ActiveCfg = Release|Any CPU
		{33C218D9-4566-474A-8345-0B8FBCDB309E}.Release|Any CPU.Build.0 = Release|Any CPU
		{33C218D9-4566-474A-8345-0B8FBCDB309E}.Release|x64.ActiveCfg = Release|Any CPU
		{33C218D9-4566-474A-8345-0B8FBCDB309E}.Release|x64.Build.0 = Release|Any CPU
		{33C218D9-4566-474A-8345-0B8FBCDB309E}.Release|x86.ActiveCfg = Release|Any CPU
		{33C218D9-4566-474A-8345-0B8FBCDB309E}.Release|x86.Build.0 = Release|Any CPU
		{A5F1A169-CAFB-4A32-92ED-8553E14C1527}.Debug|Any CPU.ActiveCfg = Debug|Any CPU
		{A5F1A169-CAFB-4A32-92ED-8553E14C1527}.Debug|Any CPU.Build.0 = Debug|Any CPU
		{A5F1A169-CAFB-4A32-92ED-8553E14C1527}.Debug|x64.ActiveCfg = Debug|Any CPU
		{A5F1A169-CAFB-4A32-92ED-8553E14C1527}.Debug|x64.Build.0 = Debug|Any CPU
		{A5F1A169-CAFB-4A32-92ED-8553E14C1527}.Debug|x86.ActiveCfg = Debug|Any CPU
		{A5F1A169-CAFB-4A32-92ED-8553E14C1527}.Debug|x86.Build.0 = Debug|Any CPU
		{A5F1A169-CAFB-4A32-92ED-8553E14C1527}.Release|Any CPU.ActiveCfg = Release|Any CPU
		{A5F1A169-CAFB-4A32-92ED-8553E14C1527}.Release|Any CPU.Build.0 = Release|Any CPU
		{A5F1A169-CAFB-4A32-92ED-8553E14C1527}.Release|x64.ActiveCfg = Release|Any CPU
		{A5F1A169-CAFB-4A32-92ED-8553E14C1527}.Release|x64.Build.0 = Release|Any CPU
		{A5F1A169-CAFB-4A32-92ED-8553E14C1527}.Release|x86.ActiveCfg = Release|Any CPU
		{A5F1A169-CAFB-4A32-92ED-8553E14C1527}.Release|x86.Build.0 = Release|Any CPU
	EndGlobalSection
EndGlobal
